
Microsoft Visual Studio Solution File, Format Version 12.00
# Visual Studio 15
VisualStudioVersion = 15.0.28307.168
MinimumVisualStudioVersion = 10.0.40219.1
Project("{FAE04EC0-301F-11D3-BF4B-00C04F79EFBC}") = "T1", "T1\T1.csproj", "{AEC26778-2F9E-4BC4-B445-3E9489E18598}"
EndProject
Global
	GlobalSection(SolutionConfigurationPlatforms) = preSolution
		Debug|Any CPU = Debug|Any CPU
		Release|Any CPU = Release|Any CPU
	EndGlobalSection
	GlobalSection(ProjectConfigurationPlatforms) = postSolution
		{AEC26778-2F9E-4BC4-B445-3E9489E18598}.Debug|Any CPU.ActiveCfg = Debug|Any CPU
		{AEC26778-2F9E-4BC4-B445-3E9489E18598}.Debug|Any CPU.Build.0 = Debug|Any CPU
		{AEC26778-2F9E-4BC4-B445-3E9489E18598}.Release|Any CPU.ActiveCfg = Release|Any CPU
		{AEC26778-2F9E-4BC4-B445-3E9489E18598}.Release|Any CPU.Build.0 = Release|Any CPU
	EndGlobalSection
	GlobalSection(SolutionProperties) = preSolution
		HideSolutionNode = FALSE
	EndGlobalSection
	GlobalSection(ExtensibilityGlobals) = postSolution
		SolutionGuid = {B17258E5-01DE-4160-9264-1114D96BD40C}
	EndGlobalSection
EndGlobal
