
Microsoft Visual Studio Solution File, Format Version 12.00
# Visual Studio 15
VisualStudioVersion = 15.0.28307.168
MinimumVisualStudioVersion = 10.0.40219.1
Project("{FAE04EC0-301F-11D3-BF4B-00C04F79EFBC}") = "Lab2", "Lab2\Lab2.csproj", "{B5BF2269-D86A-4433-978A-24843E28DACF}"
EndProject
Project("{FAE04EC0-301F-11D3-BF4B-00C04F79EFBC}") = "T1", "T1\T1.csproj", "{587FF077-D792-48DF-85F7-C190A56EE238}"
EndProject
Project("{FAE04EC0-301F-11D3-BF4B-00C04F79EFBC}") = "T2", "T2\T2.csproj", "{FDA291C9-2DCA-4779-86BC-499D82964CF4}"
EndProject
Project("{FAE04EC0-301F-11D3-BF4B-00C04F79EFBC}") = "T3", "T3\T3.csproj", "{B442A65D-D983-4588-8758-2153566A7096}"
EndProject
Project("{FAE04EC0-301F-11D3-BF4B-00C04F79EFBC}") = "T4", "T4\T4.csproj", "{3DC8BB6D-9820-47AD-A861-25DBB18482BB}"
EndProject
Project("{FAE04EC0-301F-11D3-BF4B-00C04F79EFBC}") = "T5", "T5\T5.csproj", "{BC711226-027B-4C03-BFBE-0738EDD354E2}"
EndProject
Project("{FAE04EC0-301F-11D3-BF4B-00C04F79EFBC}") = "T6", "T6\T6.csproj", "{8045C820-DE08-451E-81BD-C69F1F418C8C}"
EndProject
Project("{FAE04EC0-301F-11D3-BF4B-00C04F79EFBC}") = "T7", "T7\T7.csproj", "{8DFAFF4C-1742-451F-9277-FFA4D03A963C}"
EndProject
Project("{FAE04EC0-301F-11D3-BF4B-00C04F79EFBC}") = "T8", "T8\T8.csproj", "{9648F459-711E-452A-9182-A50622DFB0E2}"
EndProject
Project("{FAE04EC0-301F-11D3-BF4B-00C04F79EFBC}") = "T9", "T9\T9.csproj", "{8E872ED5-0BE9-44D5-971A-73869E4BFA32}"
EndProject
Global
	GlobalSection(SolutionConfigurationPlatforms) = preSolution
		Debug|Any CPU = Debug|Any CPU
		Release|Any CPU = Release|Any CPU
	EndGlobalSection
	GlobalSection(ProjectConfigurationPlatforms) = postSolution
		{B5BF2269-D86A-4433-978A-24843E28DACF}.Debug|Any CPU.ActiveCfg = Debug|Any CPU
		{B5BF2269-D86A-4433-978A-24843E28DACF}.Debug|Any CPU.Build.0 = Debug|Any CPU
		{B5BF2269-D86A-4433-978A-24843E28DACF}.Release|Any CPU.ActiveCfg = Release|Any CPU
		{B5BF2269-D86A-4433-978A-24843E28DACF}.Release|Any CPU.Build.0 = Release|Any CPU
		{587FF077-D792-48DF-85F7-C190A56EE238}.Debug|Any CPU.ActiveCfg = Debug|Any CPU
		{587FF077-D792-48DF-85F7-C190A56EE238}.Debug|Any CPU.Build.0 = Debug|Any CPU
		{587FF077-D792-48DF-85F7-C190A56EE238}.Release|Any CPU.ActiveCfg = Release|Any CPU
		{587FF077-D792-48DF-85F7-C190A56EE238}.Release|Any CPU.Build.0 = Release|Any CPU
		{FDA291C9-2DCA-4779-86BC-499D82964CF4}.Debug|Any CPU.ActiveCfg = Debug|Any CPU
		{FDA291C9-2DCA-4779-86BC-499D82964CF4}.Debug|Any CPU.Build.0 = Debug|Any CPU
		{FDA291C9-2DCA-4779-86BC-499D82964CF4}.Release|Any CPU.ActiveCfg = Release|Any CPU
		{FDA291C9-2DCA-4779-86BC-499D82964CF4}.Release|Any CPU.Build.0 = Release|Any CPU
		{B442A65D-D983-4588-8758-2153566A7096}.Debug|Any CPU.ActiveCfg = Debug|Any CPU
		{B442A65D-D983-4588-8758-2153566A7096}.Debug|Any CPU.Build.0 = Debug|Any CPU
		{B442A65D-D983-4588-8758-2153566A7096}.Release|Any CPU.ActiveCfg = Release|Any CPU
		{B442A65D-D983-4588-8758-2153566A7096}.Release|Any CPU.Build.0 = Release|Any CPU
		{3DC8BB6D-9820-47AD-A861-25DBB18482BB}.Debug|Any CPU.ActiveCfg = Debug|Any CPU
		{3DC8BB6D-9820-47AD-A861-25DBB18482BB}.Debug|Any CPU.Build.0 = Debug|Any CPU
		{3DC8BB6D-9820-47AD-A861-25DBB18482BB}.Release|Any CPU.ActiveCfg = Release|Any CPU
		{3DC8BB6D-9820-47AD-A861-25DBB18482BB}.Release|Any CPU.Build.0 = Release|Any CPU
		{BC711226-027B-4C03-BFBE-0738EDD354E2}.Debug|Any CPU.ActiveCfg = Debug|Any CPU
		{BC711226-027B-4C03-BFBE-0738EDD354E2}.Debug|Any CPU.Build.0 = Debug|Any CPU
		{BC711226-027B-4C03-BFBE-0738EDD354E2}.Release|Any CPU.ActiveCfg = Release|Any CPU
		{BC711226-027B-4C03-BFBE-0738EDD354E2}.Release|Any CPU.Build.0 = Release|Any CPU
		{8045C820-DE08-451E-81BD-C69F1F418C8C}.Debug|Any CPU.ActiveCfg = Debug|Any CPU
		{8045C820-DE08-451E-81BD-C69F1F418C8C}.Debug|Any CPU.Build.0 = Debug|Any CPU
		{8045C820-DE08-451E-81BD-C69F1F418C8C}.Release|Any CPU.ActiveCfg = Release|Any CPU
		{8045C820-DE08-451E-81BD-C69F1F418C8C}.Release|Any CPU.Build.0 = Release|Any CPU
		{8DFAFF4C-1742-451F-9277-FFA4D03A963C}.Debug|Any CPU.ActiveCfg = Debug|Any CPU
		{8DFAFF4C-1742-451F-9277-FFA4D03A963C}.Debug|Any CPU.Build.0 = Debug|Any CPU
		{8DFAFF4C-1742-451F-9277-FFA4D03A963C}.Release|Any CPU.ActiveCfg = Release|Any CPU
		{8DFAFF4C-1742-451F-9277-FFA4D03A963C}.Release|Any CPU.Build.0 = Release|Any CPU
		{9648F459-711E-452A-9182-A50622DFB0E2}.Debug|Any CPU.ActiveCfg = Debug|Any CPU
		{9648F459-711E-452A-9182-A50622DFB0E2}.Debug|Any CPU.Build.0 = Debug|Any CPU
		{9648F459-711E-452A-9182-A50622DFB0E2}.Release|Any CPU.ActiveCfg = Release|Any CPU
		{9648F459-711E-452A-9182-A50622DFB0E2}.Release|Any CPU.Build.0 = Release|Any CPU
		{8E872ED5-0BE9-44D5-971A-73869E4BFA32}.Debug|Any CPU.ActiveCfg = Debug|Any CPU
		{8E872ED5-0BE9-44D5-971A-73869E4BFA32}.Debug|Any CPU.Build.0 = Debug|Any CPU
		{8E872ED5-0BE9-44D5-971A-73869E4BFA32}.Release|Any CPU.ActiveCfg = Release|Any CPU
		{8E872ED5-0BE9-44D5-971A-73869E4BFA32}.Release|Any CPU.Build.0 = Release|Any CPU
	EndGlobalSection
	GlobalSection(SolutionProperties) = preSolution
		HideSolutionNode = FALSE
	EndGlobalSection
	GlobalSection(ExtensibilityGlobals) = postSolution
		SolutionGuid = {84131269-F37B-4DF7-A688-5DBC2F408EF7}
	EndGlobalSection
EndGlobal
