
Microsoft Visual Studio Solution File, Format Version 12.00
# Visual Studio 15
VisualStudioVersion = 15.0.28307.168
MinimumVisualStudioVersion = 10.0.40219.1
Project("{FAE04EC0-301F-11D3-BF4B-00C04F79EFBC}") = "T1", "T1\T1.csproj", "{3DB647D1-1395-4328-942B-25A1E48DD56B}"
EndProject
Global
	GlobalSection(SolutionConfigurationPlatforms) = preSolution
		Debug|Any CPU = Debug|Any CPU
		Release|Any CPU = Release|Any CPU
	EndGlobalSection
	GlobalSection(ProjectConfigurationPlatforms) = postSolution
		{3DB647D1-1395-4328-942B-25A1E48DD56B}.Debug|Any CPU.ActiveCfg = Debug|Any CPU
		{3DB647D1-1395-4328-942B-25A1E48DD56B}.Debug|Any CPU.Build.0 = Debug|Any CPU
		{3DB647D1-1395-4328-942B-25A1E48DD56B}.Release|Any CPU.ActiveCfg = Release|Any CPU
		{3DB647D1-1395-4328-942B-25A1E48DD56B}.Release|Any CPU.Build.0 = Release|Any CPU
	EndGlobalSection
	GlobalSection(SolutionProperties) = preSolution
		HideSolutionNode = FALSE
	EndGlobalSection
	GlobalSection(ExtensibilityGlobals) = postSolution
		SolutionGuid = {ED95B204-7E64-4BF2-B64B-E01191BE46AE}
	EndGlobalSection
EndGlobal
